// !$*UTF8*$!
{
	archiveVersion = 1;
	classes = {
	};
	objectVersion = 46;
	objects = {

/* Begin PBXBuildFile section */
		C6B57A131E32916C0036825A /* AppDelegate.swift in Sources */ = {isa = PBXBuildFile; fileRef = C6B57A121E32916C0036825A /* AppDelegate.swift */; };
		C6B57A181E3291860036825A /* Info.plist in Resources */ = {isa = PBXBuildFile; fileRef = C6B57A141E3291860036825A /* Info.plist */; };
		C6B57A191E3291860036825A /* PlayAudioViewController.swift in Sources */ = {isa = PBXBuildFile; fileRef = C6B57A151E3291860036825A /* PlayAudioViewController.swift */; };
		C6B57A1A1E3291860036825A /* playsoundsviewcontroller-audio.swift in Sources */ = {isa = PBXBuildFile; fileRef = C6B57A161E3291860036825A /* playsoundsviewcontroller-audio.swift */; };
		C6B57A1B1E3291860036825A /* RecordAudioViewController.swift in Sources */ = {isa = PBXBuildFile; fileRef = C6B57A171E3291860036825A /* RecordAudioViewController.swift */; };
		C6B57A1D1E3291980036825A /* Assets.xcassets in Resources */ = {isa = PBXBuildFile; fileRef = C6B57A1C1E3291980036825A /* Assets.xcassets */; };
		C6B57A1F1E3291AD0036825A /* Main.storyboard in Resources */ = {isa = PBXBuildFile; fileRef = C6B57A1E1E3291AD0036825A /* Main.storyboard */; };
		C6B57A211E3291BD0036825A /* LaunchScreen.storyboard in Resources */ = {isa = PBXBuildFile; fileRef = C6B57A201E3291BD0036825A /* LaunchScreen.storyboard */; };
/* End PBXBuildFile section */

/* Begin PBXFileReference section */
		C6B579FD1E32913E0036825A /* PitchPerfect.app */ = {isa = PBXFileReference; explicitFileType = wrapper.application; includeInIndex = 0; path = PitchPerfect.app; sourceTree = BUILT_PRODUCTS_DIR; };
		C6B57A121E32916C0036825A /* AppDelegate.swift */ = {isa = PBXFileReference; fileEncoding = 4; lastKnownFileType = sourcecode.swift; path = AppDelegate.swift; sourceTree = "<group>"; };
		C6B57A141E3291860036825A /* Info.plist */ = {isa = PBXFileReference; fileEncoding = 4; lastKnownFileType = text.plist.xml; path = Info.plist; sourceTree = "<group>"; };
		C6B57A151E3291860036825A /* PlayAudioViewController.swift */ = {isa = PBXFileReference; fileEncoding = 4; lastKnownFileType = sourcecode.swift; path = PlayAudioViewController.swift; sourceTree = "<group>"; };
		C6B57A161E3291860036825A /* playsoundsviewcontroller-audio.swift */ = {isa = PBXFileReference; fileEncoding = 4; lastKnownFileType = sourcecode.swift; path = "playsoundsviewcontroller-audio.swift"; sourceTree = "<group>"; };
		C6B57A171E3291860036825A /* RecordAudioViewController.swift */ = {isa = PBXFileReference; fileEncoding = 4; lastKnownFileType = sourcecode.swift; path = RecordAudioViewController.swift; sourceTree = "<group>"; };
		C6B57A1C1E3291980036825A /* Assets.xcassets */ = {isa = PBXFileReference; lastKnownFileType = folder.assetcatalog; path = Assets.xcassets; sourceTree = "<group>"; };
		C6B57A1E1E3291AD0036825A /* Main.storyboard */ = {isa = PBXFileReference; fileEncoding = 4; lastKnownFileType = file.storyboard; path = Main.storyboard; sourceTree = "<group>"; };
		C6B57A201E3291BD0036825A /* LaunchScreen.storyboard */ = {isa = PBXFileReference; fileEncoding = 4; lastKnownFileType = file.storyboard; path = LaunchScreen.storyboard; sourceTree = "<group>"; };
/* End PBXFileReference section */

/* Begin PBXFrameworksBuildPhase section */
		C6B579FA1E32913E0036825A /* Frameworks */ = {
			isa = PBXFrameworksBuildPhase;
			buildActionMask = 2147483647;
			files = (
			);
			runOnlyForDeploymentPostprocessing = 0;
		};
/* End PBXFrameworksBuildPhase section */

/* Begin PBXGroup section */
		C6B579F41E32913E0036825A = {
			isa = PBXGroup;
			children = (
				C6B579FF1E32913E0036825A /* PitchPerfect */,
				C6B579FE1E32913E0036825A /* Products */,
			);
			sourceTree = "<group>";
		};
		C6B579FE1E32913E0036825A /* Products */ = {
			isa = PBXGroup;
			children = (
				C6B579FD1E32913E0036825A /* PitchPerfect.app */,
			);
			name = Products;
			sourceTree = "<group>";
		};
		C6B579FF1E32913E0036825A /* PitchPerfect */ = {
			isa = PBXGroup;
			children = (
				C6B57A1C1E3291980036825A /* Assets.xcassets */,
				C6B57A141E3291860036825A /* Info.plist */,
				C6B57A151E3291860036825A /* PlayAudioViewController.swift */,
				C6B57A161E3291860036825A /* playsoundsviewcontroller-audio.swift */,
				C6B57A171E3291860036825A /* RecordAudioViewController.swift */,
				C6B57A121E32916C0036825A /* AppDelegate.swift */,
				C6B57A1E1E3291AD0036825A /* Main.storyboard */,
				C6B57A201E3291BD0036825A /* LaunchScreen.storyboard */,
			);
			path = PitchPerfect;
			sourceTree = "<group>";
		};
/* End PBXGroup section */

/* Begin PBXNativeTarget section */
		C6B579FC1E32913E0036825A /* PitchPerfect */ = {
			isa = PBXNativeTarget;
			buildConfigurationList = C6B57A0F1E32913E0036825A /* Build configuration list for PBXNativeTarget "PitchPerfect" */;
			buildPhases = (
				C6B579F91E32913E0036825A /* Sources */,
				C6B579FA1E32913E0036825A /* Frameworks */,
				C6B579FB1E32913E0036825A /* Resources */,
			);
			buildRules = (
			);
			dependencies = (
			);
			name = PitchPerfect;
			productName = PitchPerfect;
			productReference = C6B579FD1E32913E0036825A /* PitchPerfect.app */;
			productType = "com.apple.product-type.application";
		};
/* End PBXNativeTarget section */

/* Begin PBXProject section */
		C6B579F51E32913E0036825A /* Project object */ = {
			isa = PBXProject;
			attributes = {
				LastSwiftUpdateCheck = 0820;
				LastUpgradeCheck = 0820;
				ORGANIZATIONNAME = "Dharminder Rattu";
				TargetAttributes = {
					C6B579FC1E32913E0036825A = {
						CreatedOnToolsVersion = 8.2.1;
						LastSwiftMigration = 0820;
						ProvisioningStyle = Automatic;
					};
				};
			};
			buildConfigurationList = C6B579F81E32913E0036825A /* Build configuration list for PBXProject "PitchPerfect" */;
			compatibilityVersion = "Xcode 3.2";
			developmentRegion = English;
			hasScannedForEncodings = 0;
			knownRegions = (
				en,
				Base,
			);
			mainGroup = C6B579F41E32913E0036825A;
			productRefGroup = C6B579FE1E32913E0036825A /* Products */;
			projectDirPath = "";
			projectRoot = "";
			targets = (
				C6B579FC1E32913E0036825A /* PitchPerfect */,
			);
		};
/* End PBXProject section */

/* Begin PBXResourcesBuildPhase section */
		C6B579FB1E32913E0036825A /* Resources */ = {
			isa = PBXResourcesBuildPhase;
			buildActionMask = 2147483647;
			files = (
				C6B57A1F1E3291AD0036825A /* Main.storyboard in Resources */,
				C6B57A211E3291BD0036825A /* LaunchScreen.storyboard in Resources */,
				C6B57A1D1E3291980036825A /* Assets.xcassets in Resources */,
				C6B57A181E3291860036825A /* Info.plist in Resources */,
			);
			runOnlyForDeploymentPostprocessing = 0;
		};
/* End PBXResourcesBuildPhase section */

/* Begin PBXSourcesBuildPhase section */
		C6B579F91E32913E0036825A /* Sources */ = {
			isa = PBXSourcesBuildPhase;
			buildActionMask = 2147483647;
			files = (
				C6B57A131E32916C0036825A /* AppDelegate.swift in Sources */,
				C6B57A191E3291860036825A /* PlayAudioViewController.swift in Sources */,
				C6B57A1B1E3291860036825A /* RecordAudioViewController.swift in Sources */,
				C6B57A1A1E3291860036825A /* playsoundsviewcontroller-audio.swift in Sources */,
			);
			runOnlyForDeploymentPostprocessing = 0;
		};
/* End PBXSourcesBuildPhase section */

/* Begin XCBuildConfiguration section */
		C6B57A0D1E32913E0036825A /* Debug */ = {
			isa = XCBuildConfiguration;
			buildSettings = {
				ALWAYS_SEARCH_USER_PATHS = NO;
				CLANG_ANALYZER_NONNULL = YES;
				CLANG_CXX_LANGUAGE_STANDARD = "gnu++0x";
				CLANG_CXX_LIBRARY = "libc++";
				CLANG_ENABLE_MODULES = YES;
				CLANG_ENABLE_OBJC_ARC = YES;
				CLANG_WARN_BOOL_CONVERSION = YES;
				CLANG_WARN_CONSTANT_CONVERSION = YES;
				CLANG_WARN_DIRECT_OBJC_ISA_USAGE = YES_ERROR;
				CLANG_WARN_DOCUMENTATION_COMMENTS = YES;
				CLANG_WARN_EMPTY_BODY = YES;
				CLANG_WARN_ENUM_CONVERSION = YES;
				CLANG_WARN_INFINITE_RECURSION = YES;
				CLANG_WARN_INT_CONVERSION = YES;
				CLANG_WARN_OBJC_ROOT_CLASS = YES_ERROR;
				CLANG_WARN_SUSPICIOUS_MOVE = YES;
				CLANG_WARN_UNREACHABLE_CODE = YES;
				CLANG_WARN__DUPLICATE_METHOD_MATCH = YES;
				"CODE_SIGN_IDENTITY[sdk=iphoneos*]" = "iPhone Developer";
				COPY_PHASE_STRIP = NO;
				DEBUG_INFORMATION_FORMAT = dwarf;
				ENABLE_STRICT_OBJC_MSGSEND = YES;
				ENABLE_TESTABILITY = YES;
				GCC_C_LANGUAGE_STANDARD = gnu99;
				GCC_DYNAMIC_NO_PIC = NO;
				GCC_NO_COMMON_BLOCKS = YES;
				GCC_OPTIMIZATION_LEVEL = 0;
				GCC_PREPROCESSOR_DEFINITIONS = (
					"DEBUG=1",
					"$(inherited)",
				);
				GCC_WARN_64_TO_32_BIT_CONVERSION = YES;
				GCC_WARN_ABOUT_RETURN_TYPE = YES_ERROR;
				GCC_WARN_UNDECLARED_SELECTOR = YES;
				GCC_WARN_UNINITIALIZED_AUTOS = YES_AGGRESSIVE;
				GCC_WARN_UNUSED_FUNCTION = YES;
				GCC_WARN_UNUSED_VARIABLE = YES;
				IPHONEOS_DEPLOYMENT_TARGET = 10.2;
				MTL_ENABLE_DEBUG_INFO = YES;
				ONLY_ACTIVE_ARCH = YES;
				SDKROOT = iphoneos;
				SWIFT_ACTIVE_COMPILATION_CONDITIONS = DEBUG;
				SWIFT_OPTIMIZATION_LEVEL = "-Onone";
				TARGETED_DEVICE_FAMILY = "1,2";
			};
			name = Debug;
		};
		C6B57A0E1E32913E0036825A /* Release */ = {
			isa = XCBuildConfiguration;
			buildSettings = {
				ALWAYS_SEARCH_USER_PATHS = NO;
				CLANG_ANALYZER_NONNULL = YES;
				CLANG_CXX_LANGUAGE_STANDARD = "gnu++0x";
				CLANG_CXX_LIBRARY = "libc++";
				CLANG_ENABLE_MODULES = YES;
				CLANG_ENABLE_OBJC_ARC = YES;
				CLANG_WARN_BOOL_CONVERSION = YES;
				CLANG_WARN_CONSTANT_CONVERSION = YES;
				CLANG_WARN_DIRECT_OBJC_ISA_USAGE = YES_ERROR;
				CLANG_WARN_DOCUMENTATION_COMMENTS = YES;
				CLANG_WARN_EMPTY_BODY = YES;
				CLANG_WARN_ENUM_CONVERSION = YES;
				CLANG_WARN_INFINITE_RECURSION = YES;
				CLANG_WARN_INT_CONVERSION = YES;
				CLANG_WARN_OBJC_ROOT_CLASS = YES_ERROR;
				CLANG_WARN_SUSPICIOUS_MOVE = YES;
				CLANG_WARN_UNREACHABLE_CODE = YES;
				CLANG_WARN__DUPLICATE_METHOD_MATCH = YES;
				"CODE_SIGN_IDENTITY[sdk=iphoneos*]" = "iPhone Developer";
				COPY_PHASE_STRIP = NO;
				DEBUG_INFORMATION_FORMAT = "dwarf-with-dsym";
				ENABLE_NS_ASSERTIONS = NO;
				ENABLE_STRICT_OBJC_MSGSEND = YES;
				GCC_C_LANGUAGE_STANDARD = gnu99;
				GCC_NO_COMMON_BLOCKS = YES;
				GCC_WARN_64_TO_32_BIT_CONVERSION = YES;
				GCC_WARN_ABOUT_RETURN_TYPE = YES_ERROR;
				GCC_WARN_UNDECLARED_SELECTOR = YES;
				GCC_WARN_UNINITIALIZED_AUTOS = YES_AGGRESSIVE;
				GCC_WARN_UNUSED_FUNCTION = YES;
				GCC_WARN_UNUSED_VARIABLE = YES;
				IPHONEOS_DEPLOYMENT_TARGET = 10.2;
				MTL_ENABLE_DEBUG_INFO = NO;
				SDKROOT = iphoneos;
				SWIFT_OPTIMIZATION_LEVEL = "-Owholemodule";
				TARGETED_DEVICE_FAMILY = "1,2";
				VALIDATE_PRODUCT = YES;
			};
			name = Release;
		};
		C6B57A101E32913E0036825A /* Debug */ = {
			isa = XCBuildConfiguration;
			buildSettings = {
				ASSETCATALOG_COMPILER_APPICON_NAME = AppIcon;
				CLANG_ENABLE_MODULES = YES;
				INFOPLIST_FILE = PitchPerfect/Info.plist;
				LD_RUNPATH_SEARCH_PATHS = "$(inherited) @executable_path/Frameworks";
				PRODUCT_BUNDLE_IDENTIFIER = com.dharminder.PitchPerfect;
				PRODUCT_NAME = "$(TARGET_NAME)";
				SWIFT_OPTIMIZATION_LEVEL = "-Onone";
				SWIFT_VERSION = 3.0;
			};
			name = Debug;
		};
		C6B57A111E32913E0036825A /* Release */ = {
			isa = XCBuildConfiguration;
			buildSettings = {
				ASSETCATALOG_COMPILER_APPICON_NAME = AppIcon;
				CLANG_ENABLE_MODULES = YES;
				INFOPLIST_FILE = PitchPerfect/Info.plist;
				LD_RUNPATH_SEARCH_PATHS = "$(inherited) @executable_path/Frameworks";
				PRODUCT_BUNDLE_IDENTIFIER = com.dharminder.PitchPerfect;
				PRODUCT_NAME = "$(TARGET_NAME)";
				SWIFT_VERSION = 3.0;
			};
			name = Release;
		};
/* End XCBuildConfiguration section */

/* Begin XCConfigurationList section */
		C6B579F81E32913E0036825A /* Build configuration list for PBXProject "PitchPerfect" */ = {
			isa = XCConfigurationList;
			buildConfigurations = (
				C6B57A0D1E32913E0036825A /* Debug */,
				C6B57A0E1E32913E0036825A /* Release */,
			);
			defaultConfigurationIsVisible = 0;
			defaultConfigurationName = Release;
		};
		C6B57A0F1E32913E0036825A /* Build configuration list for PBXNativeTarget "PitchPerfect" */ = {
			isa = XCConfigurationList;
			buildConfigurations = (
				C6B57A101E32913E0036825A /* Debug */,
				C6B57A111E32913E0036825A /* Release */,
			);
			defaultConfigurationIsVisible = 0;
		};
/* End XCConfigurationList section */
	};
	rootObject = C6B579F51E32913E0036825A /* Project object */;
}
